
Microsoft Visual Studio Solution File, Format Version 12.00
# Visual Studio Version 16
VisualStudioVersion = 16.0.30717.126
MinimumVisualStudioVersion = 10.0.40219.1
Project("{FAE04EC0-301F-11D3-BF4B-00C04F79EFBC}") = "SIA", "SIA\SIA.csproj", "{5F434EB0-1A87-4AB1-93E9-EF429F58A8CE}"
EndProject
Global
	GlobalSection(SolutionConfigurationPlatforms) = preSolution
		Debug|Any CPU = Debug|Any CPU
		Release|Any CPU = Release|Any CPU
	EndGlobalSection
	GlobalSection(ProjectConfigurationPlatforms) = postSolution
		{5F434EB0-1A87-4AB1-93E9-EF429F58A8CE}.Debug|Any CPU.ActiveCfg = Debug|Any CPU
		{5F434EB0-1A87-4AB1-93E9-EF429F58A8CE}.Debug|Any CPU.Build.0 = Debug|Any CPU
		{5F434EB0-1A87-4AB1-93E9-EF429F58A8CE}.Release|Any CPU.ActiveCfg = Release|Any CPU
		{5F434EB0-1A87-4AB1-93E9-EF429F58A8CE}.Release|Any CPU.Build.0 = Release|Any CPU
	EndGlobalSection
	GlobalSection(SolutionProperties) = preSolution
		HideSolutionNode = FALSE
	EndGlobalSection
	GlobalSection(ExtensibilityGlobals) = postSolution
		SolutionGuid = {6D55297C-AC20-4D3D-9A1C-F6F5544BDC19}
	EndGlobalSection
EndGlobal
